
Microsoft Visual Studio Solution File, Format Version 12.00
# Visual Studio Version 17
VisualStudioVersion = 17.7.34031.279
MinimumVisualStudioVersion = 10.0.40219.1
Project("{FAE04EC0-301F-11D3-BF4B-00C04F79EFBC}") = "ExamenP", "ExamenP\ExamenP.csproj", "{98283BB6-BA55-42FB-A9DD-19B735A7359F}"
EndProject
Global
	GlobalSection(SolutionConfigurationPlatforms) = preSolution
		Debug|Any CPU = Debug|Any CPU
		Release|Any CPU = Release|Any CPU
	EndGlobalSection
	GlobalSection(ProjectConfigurationPlatforms) = postSolution
		{98283BB6-BA55-42FB-A9DD-19B735A7359F}.Debug|Any CPU.ActiveCfg = Debug|Any CPU
		{98283BB6-BA55-42FB-A9DD-19B735A7359F}.Debug|Any CPU.Build.0 = Debug|Any CPU
		{98283BB6-BA55-42FB-A9DD-19B735A7359F}.Release|Any CPU.ActiveCfg = Release|Any CPU
		{98283BB6-BA55-42FB-A9DD-19B735A7359F}.Release|Any CPU.Build.0 = Release|Any CPU
	EndGlobalSection
	GlobalSection(SolutionProperties) = preSolution
		HideSolutionNode = FALSE
	EndGlobalSection
	GlobalSection(ExtensibilityGlobals) = postSolution
		SolutionGuid = {33C0BCB7-A63B-44D8-8A1F-300A3578DE0E}
	EndGlobalSection
EndGlobal
